
Microsoft Visual Studio Solution File, Format Version 12.00
# Visual Studio 15
VisualStudioVersion = 15.0.27130.0
MinimumVisualStudioVersion = 10.0.40219.1
Project("{FAE04EC0-301F-11D3-BF4B-00C04F79EFBC}") = "FileSystem", "FileSystem\FileSystem.csproj", "{F82802D2-AEF5-489E-8947-C02ED133ABCF}"
EndProject
Global
	GlobalSection(SolutionConfigurationPlatforms) = preSolution
		Debug|Any CPU = Debug|Any CPU
		Release|Any CPU = Release|Any CPU
	EndGlobalSection
	GlobalSection(ProjectConfigurationPlatforms) = postSolution
		{F82802D2-AEF5-489E-8947-C02ED133ABCF}.Debug|Any CPU.ActiveCfg = Debug|Any CPU
		{F82802D2-AEF5-489E-8947-C02ED133ABCF}.Debug|Any CPU.Build.0 = Debug|Any CPU
		{F82802D2-AEF5-489E-8947-C02ED133ABCF}.Release|Any CPU.ActiveCfg = Release|Any CPU
		{F82802D2-AEF5-489E-8947-C02ED133ABCF}.Release|Any CPU.Build.0 = Release|Any CPU
	EndGlobalSection
	GlobalSection(SolutionProperties) = preSolution
		HideSolutionNode = FALSE
	EndGlobalSection
	GlobalSection(ExtensibilityGlobals) = postSolution
		SolutionGuid = {FC99592B-108B-4792-838C-37177D4ED27C}
	EndGlobalSection
EndGlobal
