
Microsoft Visual Studio Solution File, Format Version 12.00
# Visual Studio 15
VisualStudioVersion = 15.0.27130.0
MinimumVisualStudioVersion = 10.0.40219.1
Project("{FAE04EC0-301F-11D3-BF4B-00C04F79EFBC}") = "SESSender", "SESSender\SESSender.csproj", "{BE715401-E848-42FB-B346-8A912C035E41}"
EndProject
Global
	GlobalSection(SolutionConfigurationPlatforms) = preSolution
		Debug|Any CPU = Debug|Any CPU
		Release|Any CPU = Release|Any CPU
	EndGlobalSection
	GlobalSection(ProjectConfigurationPlatforms) = postSolution
		{BE715401-E848-42FB-B346-8A912C035E41}.Debug|Any CPU.ActiveCfg = Debug|Any CPU
		{BE715401-E848-42FB-B346-8A912C035E41}.Debug|Any CPU.Build.0 = Debug|Any CPU
		{BE715401-E848-42FB-B346-8A912C035E41}.Release|Any CPU.ActiveCfg = Release|Any CPU
		{BE715401-E848-42FB-B346-8A912C035E41}.Release|Any CPU.Build.0 = Release|Any CPU
	EndGlobalSection
	GlobalSection(SolutionProperties) = preSolution
		HideSolutionNode = FALSE
	EndGlobalSection
	GlobalSection(ExtensibilityGlobals) = postSolution
		SolutionGuid = {D78AD39D-119E-49FC-BBAD-C69E588258E3}
	EndGlobalSection
EndGlobal
