
Microsoft Visual Studio Solution File, Format Version 12.00
# Visual Studio 15
VisualStudioVersion = 15.0.27130.0
MinimumVisualStudioVersion = 10.0.40219.1
Project("{9A19103F-16F7-4668-BE54-9A1E7A4F7556}") = "DynamoDBDataModel", "DynamoDBDataModel\DynamoDBDataModel.csproj", "{8E25F579-EFC4-412D-99AB-7662CF94FAF9}"
EndProject
Project("{FAE04EC0-301F-11D3-BF4B-00C04F79EFBC}") = "DynamoDBDemo", "DynamoDBDemo\DynamoDBDemo.csproj", "{12F480DC-7B4C-484D-AE2B-DC5BE80F922E}"
EndProject
Global
	GlobalSection(SolutionConfigurationPlatforms) = preSolution
		Debug|Any CPU = Debug|Any CPU
		Release|Any CPU = Release|Any CPU
	EndGlobalSection
	GlobalSection(ProjectConfigurationPlatforms) = postSolution
		{8E25F579-EFC4-412D-99AB-7662CF94FAF9}.Debug|Any CPU.ActiveCfg = Debug|Any CPU
		{8E25F579-EFC4-412D-99AB-7662CF94FAF9}.Debug|Any CPU.Build.0 = Debug|Any CPU
		{8E25F579-EFC4-412D-99AB-7662CF94FAF9}.Release|Any CPU.ActiveCfg = Release|Any CPU
		{8E25F579-EFC4-412D-99AB-7662CF94FAF9}.Release|Any CPU.Build.0 = Release|Any CPU
		{12F480DC-7B4C-484D-AE2B-DC5BE80F922E}.Debug|Any CPU.ActiveCfg = Debug|Any CPU
		{12F480DC-7B4C-484D-AE2B-DC5BE80F922E}.Debug|Any CPU.Build.0 = Debug|Any CPU
		{12F480DC-7B4C-484D-AE2B-DC5BE80F922E}.Release|Any CPU.ActiveCfg = Release|Any CPU
		{12F480DC-7B4C-484D-AE2B-DC5BE80F922E}.Release|Any CPU.Build.0 = Release|Any CPU
	EndGlobalSection
	GlobalSection(SolutionProperties) = preSolution
		HideSolutionNode = FALSE
	EndGlobalSection
	GlobalSection(ExtensibilityGlobals) = postSolution
		SolutionGuid = {269E1772-2AC6-43AE-964E-B1F85BBD1F69}
	EndGlobalSection
EndGlobal
