
Microsoft Visual Studio Solution File, Format Version 12.00
# Visual Studio 15
VisualStudioVersion = 15.0.27130.0
MinimumVisualStudioVersion = 10.0.40219.1
Project("{9A19103F-16F7-4668-BE54-9A1E7A4F7556}") = "S3BucketsAndKeys", "S3BucketsAndKeys\S3BucketsAndKeys.csproj", "{7CF51922-4900-4916-8E10-A94138ADBC0F}"
EndProject
Global
	GlobalSection(SolutionConfigurationPlatforms) = preSolution
		Debug|Any CPU = Debug|Any CPU
		Release|Any CPU = Release|Any CPU
	EndGlobalSection
	GlobalSection(ProjectConfigurationPlatforms) = postSolution
		{7CF51922-4900-4916-8E10-A94138ADBC0F}.Debug|Any CPU.ActiveCfg = Debug|Any CPU
		{7CF51922-4900-4916-8E10-A94138ADBC0F}.Debug|Any CPU.Build.0 = Debug|Any CPU
		{7CF51922-4900-4916-8E10-A94138ADBC0F}.Release|Any CPU.ActiveCfg = Release|Any CPU
		{7CF51922-4900-4916-8E10-A94138ADBC0F}.Release|Any CPU.Build.0 = Release|Any CPU
	EndGlobalSection
	GlobalSection(SolutionProperties) = preSolution
		HideSolutionNode = FALSE
	EndGlobalSection
	GlobalSection(ExtensibilityGlobals) = postSolution
		SolutionGuid = {5F82C966-8DC9-4972-B22F-E6C6747F05CB}
	EndGlobalSection
EndGlobal
