
Microsoft Visual Studio Solution File, Format Version 12.00
# Visual Studio 15
VisualStudioVersion = 15.0.27130.0
MinimumVisualStudioVersion = 10.0.40219.1
Project("{9A19103F-16F7-4668-BE54-9A1E7A4F7556}") = "Lambda.SQS.DemoApp", "Lambda.SQS.DemoApp\Lambda.SQS.DemoApp.csproj", "{F981EC01-05CD-43F9-A39E-7810D1F19814}"
EndProject
Project("{9A19103F-16F7-4668-BE54-9A1E7A4F7556}") = "Lambda.SQS.DemoApp.Tests", "Lambda.SQS.DemoApp.Tests\Lambda.SQS.DemoApp.Tests.csproj", "{B00BC177-CB59-4685-B117-C11159F05562}"
EndProject
Project("{9A19103F-16F7-4668-BE54-9A1E7A4F7556}") = "SQSPublisher", "SQSPublisher\SQSPublisher.csproj", "{27A3BF49-56A2-418F-8AAE-49AC64F9642A}"
EndProject
Global
	GlobalSection(SolutionConfigurationPlatforms) = preSolution
		Debug|Any CPU = Debug|Any CPU
		Release|Any CPU = Release|Any CPU
	EndGlobalSection
	GlobalSection(ProjectConfigurationPlatforms) = postSolution
		{F981EC01-05CD-43F9-A39E-7810D1F19814}.Debug|Any CPU.ActiveCfg = Debug|Any CPU
		{F981EC01-05CD-43F9-A39E-7810D1F19814}.Debug|Any CPU.Build.0 = Debug|Any CPU
		{F981EC01-05CD-43F9-A39E-7810D1F19814}.Release|Any CPU.ActiveCfg = Release|Any CPU
		{F981EC01-05CD-43F9-A39E-7810D1F19814}.Release|Any CPU.Build.0 = Release|Any CPU
		{B00BC177-CB59-4685-B117-C11159F05562}.Debug|Any CPU.ActiveCfg = Debug|Any CPU
		{B00BC177-CB59-4685-B117-C11159F05562}.Debug|Any CPU.Build.0 = Debug|Any CPU
		{B00BC177-CB59-4685-B117-C11159F05562}.Release|Any CPU.ActiveCfg = Release|Any CPU
		{B00BC177-CB59-4685-B117-C11159F05562}.Release|Any CPU.Build.0 = Release|Any CPU
		{27A3BF49-56A2-418F-8AAE-49AC64F9642A}.Debug|Any CPU.ActiveCfg = Debug|Any CPU
		{27A3BF49-56A2-418F-8AAE-49AC64F9642A}.Debug|Any CPU.Build.0 = Debug|Any CPU
		{27A3BF49-56A2-418F-8AAE-49AC64F9642A}.Release|Any CPU.ActiveCfg = Release|Any CPU
		{27A3BF49-56A2-418F-8AAE-49AC64F9642A}.Release|Any CPU.Build.0 = Release|Any CPU
	EndGlobalSection
	GlobalSection(SolutionProperties) = preSolution
		HideSolutionNode = FALSE
	EndGlobalSection
	GlobalSection(ExtensibilityGlobals) = postSolution
		SolutionGuid = {6CFCF4A1-C084-4BEF-98CD-9AD2424ACB3A}
	EndGlobalSection
EndGlobal
